PODS:
  - AFNetworking (3.1.0):
    - AFNetworking/NSURLSession (= 3.1.0)
    - AFNetworking/Reachability (= 3.1.0)
    - AFNetworking/Security (= 3.1.0)
    - AFNetworking/Serialization (= 3.1.0)
    - AFNetworking/UIKit (= 3.1.0)
  - AFNetworking/NSURLSession (3.1.0):
    - AFNetworking/Reachability
    - AFNetworking/Security
    - AFNetworking/Serialization
  - AFNetworking/Reachability (3.1.0)
  - AFNetworking/Security (3.1.0)
  - AFNetworking/Serialization (3.1.0)
  - AFNetworking/UIKit (3.1.0):
    - AFNetworking/NSURLSession
  - Crashlytics (3.8.3):
    - Fabric (~> 1.6.3)
  - CWPopup (1.2.6)
  - DZNEmptyDataSet (1.8.1)
  - Fabric (1.6.11)
  - Firebase (3.11.0):
    - Firebase/Core (= 3.11.0)
  - Firebase/Core (3.11.0):
    - FirebaseAnalytics (= 3.6.0)
    - FirebaseCore (= 3.4.6)
  - FirebaseAnalytics (3.6.0):
    - FirebaseCore (~> 3.4)
    - FirebaseInstanceID (~> 1.0)
    - GoogleInterchangeUtilities (~> 1.2)
    - GoogleSymbolUtilities (~> 1.1)
    - GoogleToolboxForMac/NSData+zlib (~> 2.1)
  - FirebaseCore (3.4.6):
    - GoogleInterchangeUtilities (~> 1.2)
    - GoogleToolboxForMac/NSData+zlib (~> 2.1)
  - FirebaseInstanceID (1.0.8)
  - FirebaseMessaging (1.2.1):
    - FirebaseAnalytics (~> 3.4)
    - FirebaseInstanceID (~> 1.0)
    - GoogleInterchangeUtilities (~> 1.2)
    - GoogleSymbolUtilities (~> 1.1)
    - GoogleToolboxForMac/Logger (~> 2.1)
  - GoogleInterchangeUtilities (1.2.2):
    - GoogleSymbolUtilities (~> 1.1)
  - GoogleSymbolUtilities (1.1.2)
  - GoogleToolboxForMac/Defines (2.1.0)
  - GoogleToolboxForMac/Logger (2.1.0):
    - GoogleToolboxForMac/Defines (= 2.1.0)
  - GoogleToolboxForMac/NSData+zlib (2.1.0):
    - GoogleToolboxForMac/Defines (= 2.1.0)
  - HockeySDK (4.1.2):
    - HockeySDK/DefaultLib (= 4.1.2)
  - HockeySDK/DefaultLib (4.1.2)
  - IQKeyboardManager (4.0.7)
  - JSONModel (1.7.0)
  - KDNotification (0.1.5)
  - MTDates (1.0.3)
  - REValidation (0.1.4)
  - RNThemeManager (0.1.0)
  - SASlideMenu (2.0.3)
  - TNRadioButtonGroup (0.4)
  - Toast (3.1.0)
  - UITextView+Placeholder (1.2.0)

DEPENDENCIES:
  - AFNetworking (~> 3.1)
  - Crashlytics
  - CWPopup (~> 1.2)
  - DZNEmptyDataSet (~> 1.8)
  - Fabric
  - Firebase
  - FirebaseMessaging
  - HockeySDK
  - IQKeyboardManager
  - JSONModel
  - KDNotification (~> 0.1)
  - MTDates (~> 1.0)
  - REValidation (~> 0.1)
  - RNThemeManager (~> 0.1)
  - SASlideMenu (~> 2.0)
  - TNRadioButtonGroup (~> 0.4)
  - Toast (~> 3.1)
  - UITextView+Placeholder (~> 1.2)

SPEC CHECKSUMS:
  AFNetworking: 5e0e199f73d8626b11e79750991f5d173d1f8b67
  Crashlytics: 2b6dbe138a42395577cfa73dfa1aa7248cadf39e
  CWPopup: 3f8b0704a9914813d90372d66525d31f24b27d49
  DZNEmptyDataSet: 9525833b9e68ac21c30253e1d3d7076cc828eaa7
  Fabric: 5911403591946b8228ab1c51d98f1d7137e863c6
  Firebase: b8134e285eb33201115bc688bc5d7f112923bc1f
  FirebaseAnalytics: 9c67af0ebeb8d2146c9b4ea2616439affa947b58
  FirebaseCore: 03da1cb32615569bbc2830a22f9ad753d9a02ef5
  FirebaseInstanceID: ba1e640935235e5fac39dfa816fe7660e72e1a8a
  FirebaseMessaging: acf66347e43c5637c697060c3001d25c809a4131
  GoogleInterchangeUtilities: d5bc4d88d5b661ab72f9d70c58d02ca8c27ad1f7
  GoogleSymbolUtilities: 631ee17048aa5e9ab133470d768ea997a5ef9b96
  GoogleToolboxForMac: 2b2596cbb7186865e98cadf2b1e262d851c2b168
  HockeySDK: c7523379550a4305cefc1cdfa7b5f9a5a3538180
  IQKeyboardManager: 69002bb4fea60596b710e57d426abc00e5063630
  JSONModel: 840bc0fcffb24b8454d2c026bf26fea454b8e98d
  KDNotification: 2ebae7476b8670bf933c6c39e3f9d4c2d1a59096
  MTDates: c65affdfb7b34001c5c9e3fe0beac4b1b8334a58
  REValidation: 38c4de1be58455f8b00aab208ac80db316a66b7f
  RNThemeManager: 7734a5619abe15e21556c9c3ff2df8f3ab20a538
  SASlideMenu: 15bd9e7752cd43ba30dac136a60b7e73483c35b3
  TNRadioButtonGroup: f5fb9b545d8913bbabe6a72ea1fa6fba4d833bb6
  Toast: 14a93686d6c8bfe2727afd342414e35660a8a1f3
  UITextView+Placeholder: 77680995fcdd07c3f52ec92fe1150874a2ac89ff

PODFILE CHECKSUM: 8e307e893cbf2e9d239a9d8b47b5ca7ff7d41b8a

COCOAPODS: 1.0.1
