// !$*UTF8*$!
{
	archiveVersion = 1;
	classes = {
	};
	objectVersion = 46;
	objects = {

/* Begin PBXBuildFile section */
		1C5B60C226D54E64E084CE8A /* libPods-BasePods-EdwardLynx.a in Frameworks */ = {isa = PBXBuildFile; fileRef = 054B3733927049B4F696323B /* libPods-BasePods-EdwardLynx.a */; };
		A90A584A1E0A8633003F9F8B /* ELUser.m in Sources */ = {isa = PBXBuildFile; fileRef = A90A58491E0A8633003F9F8B /* ELUser.m */; };
		A9121A9A1E07A7DE00ED9934 /* LeftMenu.storyboard in Resources */ = {isa = PBXBuildFile; fileRef = A9121A981E07A7DE00ED9934 /* LeftMenu.storyboard */; };
		A9121A9D1E07A9B900ED9934 /* ELLeftMenuViewController.m in Sources */ = {isa = PBXBuildFile; fileRef = A9121A9C1E07A9B900ED9934 /* ELLeftMenuViewController.m */; };
		A9121AA01E07AD9500ED9934 /* ELDataProvider.m in Sources */ = {isa = PBXBuildFile; fileRef = A9121A9F1E07AD9500ED9934 /* ELDataProvider.m */; };
		A9121AA31E07AF6A00ED9934 /* ELTableDataSource.m in Sources */ = {isa = PBXBuildFile; fileRef = A9121AA21E07AF6A00ED9934 /* ELTableDataSource.m */; };
		A9121AA81E07B88100ED9934 /* ELMenuTableViewCell.m in Sources */ = {isa = PBXBuildFile; fileRef = A9121AA71E07B88100ED9934 /* ELMenuTableViewCell.m */; };
		A9195FAD1E19EEE800F84272 /* ELSurveyDetailsViewController.m in Sources */ = {isa = PBXBuildFile; fileRef = A9195FAC1E19EEE800F84272 /* ELSurveyDetailsViewController.m */; };
		A9195FAF1E19F28600F84272 /* QuestionCell.xib in Resources */ = {isa = PBXBuildFile; fileRef = A9195FAE1E19F28600F84272 /* QuestionCell.xib */; };
		A91B157D1E03983900CAEC43 /* Dashboard.storyboard in Resources */ = {isa = PBXBuildFile; fileRef = A91B157B1E03983900CAEC43 /* Dashboard.storyboard */; };
		A91B15801E03A45900CAEC43 /* StatusView.xib in Resources */ = {isa = PBXBuildFile; fileRef = A91B157F1E03A45900CAEC43 /* StatusView.xib */; };
		A91B15841E03A5BA00CAEC43 /* ELStatusView.m in Sources */ = {isa = PBXBuildFile; fileRef = A91B15831E03A5BA00CAEC43 /* ELStatusView.m */; };
		A91B15871E03A6BB00CAEC43 /* ELDashboardViewController.m in Sources */ = {isa = PBXBuildFile; fileRef = A91B15861E03A6BB00CAEC43 /* ELDashboardViewController.m */; };
		A91B158E1E03B68100CAEC43 /* ELShortcutView.m in Sources */ = {isa = PBXBuildFile; fileRef = A91B158D1E03B68100CAEC43 /* ELShortcutView.m */; };
		A91B15901E03B7BD00CAEC43 /* ShortcutView.xib in Resources */ = {isa = PBXBuildFile; fileRef = A91B158F1E03B7BD00CAEC43 /* ShortcutView.xib */; };
		A91B15921E03C90500CAEC43 /* ActionView.xib in Resources */ = {isa = PBXBuildFile; fileRef = A91B15911E03C90500CAEC43 /* ActionView.xib */; };
		A91B15951E03C96100CAEC43 /* ELActionView.m in Sources */ = {isa = PBXBuildFile; fileRef = A91B15941E03C96100CAEC43 /* ELActionView.m */; };
		A9214DC81E08D80B0021EA5E /* Profile.storyboard in Resources */ = {isa = PBXBuildFile; fileRef = A9214DC61E08D80B0021EA5E /* Profile.storyboard */; };
		A9214DCB1E08D87B0021EA5E /* ELProfileViewController.m in Sources */ = {isa = PBXBuildFile; fileRef = A9214DCA1E08D87B0021EA5E /* ELProfileViewController.m */; };
		A9214DCE1E092AAE0021EA5E /* ELEditProfileViewController.m in Sources */ = {isa = PBXBuildFile; fileRef = A9214DCD1E092AAE0021EA5E /* ELEditProfileViewController.m */; };
		A9308BD31DED74B6007B4F9F /* main.m in Sources */ = {isa = PBXBuildFile; fileRef = A9308BD21DED74B6007B4F9F /* main.m */; };
		A9308BD61DED74B6007B4F9F /* AppDelegate.m in Sources */ = {isa = PBXBuildFile; fileRef = A9308BD51DED74B6007B4F9F /* AppDelegate.m */; };
		A9308BDC1DED74B6007B4F9F /* Main.storyboard in Resources */ = {isa = PBXBuildFile; fileRef = A9308BDA1DED74B6007B4F9F /* Main.storyboard */; };
		A9308BDF1DED74B6007B4F9F /* EdwardLynx.xcdatamodeld in Sources */ = {isa = PBXBuildFile; fileRef = A9308BDD1DED74B6007B4F9F /* EdwardLynx.xcdatamodeld */; };
		A9308BE11DED74B6007B4F9F /* Assets.xcassets in Resources */ = {isa = PBXBuildFile; fileRef = A9308BE01DED74B6007B4F9F /* Assets.xcassets */; };
		A9308BE41DED74B6007B4F9F /* LaunchScreen.storyboard in Resources */ = {isa = PBXBuildFile; fileRef = A9308BE21DED74B6007B4F9F /* LaunchScreen.storyboard */; };
		A9308BEF1DED74B6007B4F9F /* EdwardLynxTests.m in Sources */ = {isa = PBXBuildFile; fileRef = A9308BEE1DED74B6007B4F9F /* EdwardLynxTests.m */; };
		A9308BFA1DED74B6007B4F9F /* EdwardLynxUITests.m in Sources */ = {isa = PBXBuildFile; fileRef = A9308BF91DED74B6007B4F9F /* EdwardLynxUITests.m */; };
		A9335A701E0B745C0019231E /* ELAppSingleton.m in Sources */ = {isa = PBXBuildFile; fileRef = A9335A6F1E0B745C0019231E /* ELAppSingleton.m */; };
		A9335A731E0B79E00019231E /* ELOAuthInstance.m in Sources */ = {isa = PBXBuildFile; fileRef = A9335A721E0B79E00019231E /* ELOAuthInstance.m */; };
		A94D102F1DF7E66700982E43 /* ELConstants.m in Sources */ = {isa = PBXBuildFile; fileRef = A94D102E1DF7E66700982E43 /* ELConstants.m */; };
		A9685D101E014E1D0079FA84 /* Settings.storyboard in Resources */ = {isa = PBXBuildFile; fileRef = A9685D0E1E014E1D0079FA84 /* Settings.storyboard */; };
		A9685D131E0153420079FA84 /* ELChangePassViewController.m in Sources */ = {isa = PBXBuildFile; fileRef = A9685D121E0153420079FA84 /* ELChangePassViewController.m */; };
		A96AE03C1E0F773600AD56BE /* Surveys.storyboard in Resources */ = {isa = PBXBuildFile; fileRef = A96AE03A1E0F773600AD56BE /* Surveys.storyboard */; };
		A96AE03F1E0F777A00AD56BE /* ELSurveysViewController.m in Sources */ = {isa = PBXBuildFile; fileRef = A96AE03E1E0F777A00AD56BE /* ELSurveysViewController.m */; };
		A96AE0411E0F844300AD56BE /* SurveyCell.xib in Resources */ = {isa = PBXBuildFile; fileRef = A96AE0401E0F844300AD56BE /* SurveyCell.xib */; };
		A96AE0441E0F84A400AD56BE /* ELSurveyTableViewCell.m in Sources */ = {isa = PBXBuildFile; fileRef = A96AE0431E0F84A400AD56BE /* ELSurveyTableViewCell.m */; };
		A96AE0471E0FA05D00AD56BE /* ELSurvey.m in Sources */ = {isa = PBXBuildFile; fileRef = A96AE0461E0FA05D00AD56BE /* ELSurvey.m */; };
		A96F275A1DFF8B2B00609E27 /* Authentication.storyboard in Resources */ = {isa = PBXBuildFile; fileRef = A96F27581DFF8B2B00609E27 /* Authentication.storyboard */; };
		A96F275D1DFF981E00609E27 /* default.plist in Resources */ = {isa = PBXBuildFile; fileRef = A96F275C1DFF981E00609E27 /* default.plist */; };
		A96F27641DFF9FCB00609E27 /* ELBaseViewController.m in Sources */ = {isa = PBXBuildFile; fileRef = A96F27631DFF9FCB00609E27 /* ELBaseViewController.m */; };
		A96F276C1DFFA28E00609E27 /* Lato-Heavy.ttf in Resources */ = {isa = PBXBuildFile; fileRef = A96F27671DFFA28E00609E27 /* Lato-Heavy.ttf */; };
		A96F276D1DFFA28E00609E27 /* Lato-Italic.ttf in Resources */ = {isa = PBXBuildFile; fileRef = A96F27681DFFA28E00609E27 /* Lato-Italic.ttf */; };
		A96F276E1DFFA28E00609E27 /* Lato-Light.ttf in Resources */ = {isa = PBXBuildFile; fileRef = A96F27691DFFA28E00609E27 /* Lato-Light.ttf */; };
		A96F276F1DFFA28E00609E27 /* Lato-Medium.ttf in Resources */ = {isa = PBXBuildFile; fileRef = A96F276A1DFFA28E00609E27 /* Lato-Medium.ttf */; };
		A96F27701DFFA28E00609E27 /* Lato-Regular.ttf in Resources */ = {isa = PBXBuildFile; fileRef = A96F276B1DFFA28E00609E27 /* Lato-Regular.ttf */; };
		A96F27731DFFDB0E00609E27 /* ELForgotPasswordViewController.m in Sources */ = {isa = PBXBuildFile; fileRef = A96F27721DFFDB0E00609E27 /* ELForgotPasswordViewController.m */; };
		A96F27751DFFDFA000609E27 /* Lato-Bold.ttf in Resources */ = {isa = PBXBuildFile; fileRef = A96F27741DFFDFA000609E27 /* Lato-Bold.ttf */; };
		A96F27791DFFF9E900609E27 /* ELAccountsViewManager.m in Sources */ = {isa = PBXBuildFile; fileRef = A96F27781DFFF9E900609E27 /* ELAccountsViewManager.m */; };
		A9A4DF851DFEA12200CC4FAA /* ELUsersAPIClient.m in Sources */ = {isa = PBXBuildFile; fileRef = A9A4DF841DFEA12200CC4FAA /* ELUsersAPIClient.m */; };
		A9A4DF881DFEAC5000CC4FAA /* ELSurveysAPIClient.m in Sources */ = {isa = PBXBuildFile; fileRef = A9A4DF871DFEAC5000CC4FAA /* ELSurveysAPIClient.m */; };
		A9A4DF8B1DFEB45F00CC4FAA /* ELQuestionsAPIClient.m in Sources */ = {isa = PBXBuildFile; fileRef = A9A4DF8A1DFEB45F00CC4FAA /* ELQuestionsAPIClient.m */; };
		A9B36AA91DFE54A300599909 /* ELUtils.m in Sources */ = {isa = PBXBuildFile; fileRef = A9B36AA81DFE54A300599909 /* ELUtils.m */; };
		A9B36AAC1DFE5E4F00599909 /* ELLoginViewController.m in Sources */ = {isa = PBXBuildFile; fileRef = A9B36AAB1DFE5E4F00599909 /* ELLoginViewController.m */; };
		A9B36AB01DFE749000599909 /* ELAPIClient.m in Sources */ = {isa = PBXBuildFile; fileRef = A9B36AAF1DFE749000599909 /* ELAPIClient.m */; };
		A9C4F1DB1E0D055900AC0C0B /* GoogleService-Info.plist in Resources */ = {isa = PBXBuildFile; fileRef = A9C4F1DA1E0D055900AC0C0B /* GoogleService-Info.plist */; };
		A9CCA7011E19F6D100ACA299 /* ELQuestionTableViewCell.m in Sources */ = {isa = PBXBuildFile; fileRef = A9CCA7001E19F6D100ACA299 /* ELQuestionTableViewCell.m */; };
		A9CCA70B1E1A111C00ACA299 /* ELQuestionTypeTextView.m in Sources */ = {isa = PBXBuildFile; fileRef = A9CCA70A1E1A111C00ACA299 /* ELQuestionTypeTextView.m */; };
		A9CCA70E1E1A11D300ACA299 /* ELBaseQuestionTypeView.m in Sources */ = {isa = PBXBuildFile; fileRef = A9CCA70D1E1A11D300ACA299 /* ELBaseQuestionTypeView.m */; };
		A9CCA7101E1A180000ACA299 /* QuestionTypeTextView.xib in Resources */ = {isa = PBXBuildFile; fileRef = A9CCA70F1E1A180000ACA299 /* QuestionTypeTextView.xib */; };
		A9CCA7131E1A31AE00ACA299 /* ELQuestion.m in Sources */ = {isa = PBXBuildFile; fileRef = A9CCA7121E1A31AE00ACA299 /* ELQuestion.m */; };
/* End PBXBuildFile section */

/* Begin PBXContainerItemProxy section */
		A9308BEB1DED74B6007B4F9F /* PBXContainerItemProxy */ = {
			isa = PBXContainerItemProxy;
			containerPortal = A9308BC61DED74B5007B4F9F /* Project object */;
			proxyType = 1;
			remoteGlobalIDString = A9308BCD1DED74B5007B4F9F;
			remoteInfo = EdwardLynx;
		};
		A9308BF61DED74B6007B4F9F /* PBXContainerItemProxy */ = {
			isa = PBXContainerItemProxy;
			containerPortal = A9308BC61DED74B5007B4F9F /* Project object */;
			proxyType = 1;
			remoteGlobalIDString = A9308BCD1DED74B5007B4F9F;
			remoteInfo = EdwardLynx;
		};
/* End PBXContainerItemProxy section */

/* Begin PBXFileReference section */
		054B3733927049B4F696323B /* libPods-BasePods-EdwardLynx.a */ = {isa = PBXFileReference; explicitFileType = archive.ar; includeInIndex = 0; path = "libPods-BasePods-EdwardLynx.a"; sourceTree = BUILT_PRODUCTS_DIR; };
		2F1A9362EECDC5F830451766 /* Pods-BasePods-EdwardLynx.release.xcconfig */ = {isa = PBXFileReference; includeInIndex = 1; lastKnownFileType = text.xcconfig; name = "Pods-BasePods-EdwardLynx.release.xcconfig"; path = "Pods/Target Support Files/Pods-BasePods-EdwardLynx/Pods-BasePods-EdwardLynx.release.xcconfig"; sourceTree = "<group>"; };
		720811F952ED9F446FC0A57D /* Pods-BasePods-EdwardLynx.debug.xcconfig */ = {isa = PBXFileReference; includeInIndex = 1; lastKnownFileType = text.xcconfig; name = "Pods-BasePods-EdwardLynx.debug.xcconfig"; path = "Pods/Target Support Files/Pods-BasePods-EdwardLynx/Pods-BasePods-EdwardLynx.debug.xcconfig"; sourceTree = "<group>"; };
		A90A58481E0A8633003F9F8B /* ELUser.h */ = {isa = PBXFileReference; fileEncoding = 4; lastKnownFileType = sourcecode.c.h; path = ELUser.h; sourceTree = "<group>"; };
		A90A58491E0A8633003F9F8B /* ELUser.m */ = {isa = PBXFileReference; fileEncoding = 4; lastKnownFileType = sourcecode.c.objc; path = ELUser.m; sourceTree = "<group>"; };
		A9121A991E07A7DE00ED9934 /* Base */ = {isa = PBXFileReference; lastKnownFileType = file.storyboard; name = Base; path = Base.lproj/LeftMenu.storyboard; sourceTree = "<group>"; };
		A9121A9B1E07A9B900ED9934 /* ELLeftMenuViewController.h */ = {isa = PBXFileReference; fileEncoding = 4; lastKnownFileType = sourcecode.c.h; path = ELLeftMenuViewController.h; sourceTree = "<group>"; };
		A9121A9C1E07A9B900ED9934 /* ELLeftMenuViewController.m */ = {isa = PBXFileReference; fileEncoding = 4; lastKnownFileType = sourcecode.c.objc; path = ELLeftMenuViewController.m; sourceTree = "<group>"; };
		A9121A9E1E07AD9500ED9934 /* ELDataProvider.h */ = {isa = PBXFileReference; fileEncoding = 4; lastKnownFileType = sourcecode.c.h; path = ELDataProvider.h; sourceTree = "<group>"; };
		A9121A9F1E07AD9500ED9934 /* ELDataProvider.m */ = {isa = PBXFileReference; fileEncoding = 4; lastKnownFileType = sourcecode.c.objc; path = ELDataProvider.m; sourceTree = "<group>"; };
		A9121AA11E07AF6A00ED9934 /* ELTableDataSource.h */ = {isa = PBXFileReference; fileEncoding = 4; lastKnownFileType = sourcecode.c.h; path = ELTableDataSource.h; sourceTree = "<group>"; };
		A9121AA21E07AF6A00ED9934 /* ELTableDataSource.m */ = {isa = PBXFileReference; fileEncoding = 4; lastKnownFileType = sourcecode.c.objc; path = ELTableDataSource.m; sourceTree = "<group>"; };
		A9121AA61E07B88100ED9934 /* ELMenuTableViewCell.h */ = {isa = PBXFileReference; fileEncoding = 4; lastKnownFileType = sourcecode.c.h; path = ELMenuTableViewCell.h; sourceTree = "<group>"; };
		A9121AA71E07B88100ED9934 /* ELMenuTableViewCell.m */ = {isa = PBXFileReference; fileEncoding = 4; lastKnownFileType = sourcecode.c.objc; path = ELMenuTableViewCell.m; sourceTree = "<group>"; };
		A9195FAB1E19EEE800F84272 /* ELSurveyDetailsViewController.h */ = {isa = PBXFileReference; fileEncoding = 4; lastKnownFileType = sourcecode.c.h; path = ELSurveyDetailsViewController.h; sourceTree = "<group>"; };
		A9195FAC1E19EEE800F84272 /* ELSurveyDetailsViewController.m */ = {isa = PBXFileReference; fileEncoding = 4; lastKnownFileType = sourcecode.c.objc; path = ELSurveyDetailsViewController.m; sourceTree = "<group>"; };
		A9195FAE1E19F28600F84272 /* QuestionCell.xib */ = {isa = PBXFileReference; fileEncoding = 4; lastKnownFileType = file.xib; path = QuestionCell.xib; sourceTree = "<group>"; };
		A91B157C1E03983900CAEC43 /* Base */ = {isa = PBXFileReference; lastKnownFileType = file.storyboard; name = Base; path = Base.lproj/Dashboard.storyboard; sourceTree = "<group>"; };
		A91B157F1E03A45900CAEC43 /* StatusView.xib */ = {isa = PBXFileReference; fileEncoding = 4; lastKnownFileType = file.xib; path = StatusView.xib; sourceTree = "<group>"; };
		A91B15821E03A5BA00CAEC43 /* ELStatusView.h */ = {isa = PBXFileReference; fileEncoding = 4; lastKnownFileType = sourcecode.c.h; path = ELStatusView.h; sourceTree = "<group>"; };
		A91B15831E03A5BA00CAEC43 /* ELStatusView.m */ = {isa = PBXFileReference; fileEncoding = 4; lastKnownFileType = sourcecode.c.objc; path = ELStatusView.m; sourceTree = "<group>"; };
		A91B15851E03A6BB00CAEC43 /* ELDashboardViewController.h */ = {isa = PBXFileReference; fileEncoding = 4; lastKnownFileType = sourcecode.c.h; path = ELDashboardViewController.h; sourceTree = "<group>"; };
		A91B15861E03A6BB00CAEC43 /* ELDashboardViewController.m */ = {isa = PBXFileReference; fileEncoding = 4; lastKnownFileType = sourcecode.c.objc; path = ELDashboardViewController.m; sourceTree = "<group>"; };
		A91B158C1E03B68100CAEC43 /* ELShortcutView.h */ = {isa = PBXFileReference; fileEncoding = 4; lastKnownFileType = sourcecode.c.h; path = ELShortcutView.h; sourceTree = "<group>"; };
		A91B158D1E03B68100CAEC43 /* ELShortcutView.m */ = {isa = PBXFileReference; fileEncoding = 4; lastKnownFileType = sourcecode.c.objc; path = ELShortcutView.m; sourceTree = "<group>"; };
		A91B158F1E03B7BD00CAEC43 /* ShortcutView.xib */ = {isa = PBXFileReference; fileEncoding = 4; lastKnownFileType = file.xib; path = ShortcutView.xib; sourceTree = "<group>"; };
		A91B15911E03C90500CAEC43 /* ActionView.xib */ = {isa = PBXFileReference; fileEncoding = 4; lastKnownFileType = file.xib; name = ActionView.xib; path = EdwardLynx/Base.lproj/XIBs/Views/ActionView.xib; sourceTree = SOURCE_ROOT; };
		A91B15931E03C96100CAEC43 /* ELActionView.h */ = {isa = PBXFileReference; fileEncoding = 4; lastKnownFileType = sourcecode.c.h; path = ELActionView.h; sourceTree = "<group>"; };
		A91B15941E03C96100CAEC43 /* ELActionView.m */ = {isa = PBXFileReference; fileEncoding = 4; lastKnownFileType = sourcecode.c.objc; path = ELActionView.m; sourceTree = "<group>"; };
		A9214DC71E08D80B0021EA5E /* Base */ = {isa = PBXFileReference; lastKnownFileType = file.storyboard; name = Base; path = Base.lproj/Profile.storyboard; sourceTree = "<group>"; };
		A9214DC91E08D87B0021EA5E /* ELProfileViewController.h */ = {isa = PBXFileReference; fileEncoding = 4; lastKnownFileType = sourcecode.c.h; path = ELProfileViewController.h; sourceTree = "<group>"; };
		A9214DCA1E08D87B0021EA5E /* ELProfileViewController.m */ = {isa = PBXFileReference; fileEncoding = 4; lastKnownFileType = sourcecode.c.objc; path = ELProfileViewController.m; sourceTree = "<group>"; };
		A9214DCC1E092AAE0021EA5E /* ELEditProfileViewController.h */ = {isa = PBXFileReference; fileEncoding = 4; lastKnownFileType = sourcecode.c.h; path = ELEditProfileViewController.h; sourceTree = "<group>"; };
		A9214DCD1E092AAE0021EA5E /* ELEditProfileViewController.m */ = {isa = PBXFileReference; fileEncoding = 4; lastKnownFileType = sourcecode.c.objc; path = ELEditProfileViewController.m; sourceTree = "<group>"; };
		A9308BCE1DED74B6007B4F9F /* Edward Lynx.app */ = {isa = PBXFileReference; explicitFileType = wrapper.application; includeInIndex = 0; path = "Edward Lynx.app"; sourceTree = BUILT_PRODUCTS_DIR; };
		A9308BD21DED74B6007B4F9F /* main.m */ = {isa = PBXFileReference; lastKnownFileType = sourcecode.c.objc; path = main.m; sourceTree = "<group>"; };
		A9308BD41DED74B6007B4F9F /* AppDelegate.h */ = {isa = PBXFileReference; lastKnownFileType = sourcecode.c.h; path = AppDelegate.h; sourceTree = "<group>"; };
		A9308BD51DED74B6007B4F9F /* AppDelegate.m */ = {isa = PBXFileReference; lastKnownFileType = sourcecode.c.objc; path = AppDelegate.m; sourceTree = "<group>"; };
		A9308BDB1DED74B6007B4F9F /* Base */ = {isa = PBXFileReference; lastKnownFileType = file.storyboard; name = Base; path = Base.lproj/Main.storyboard; sourceTree = "<group>"; };
		A9308BDE1DED74B6007B4F9F /* EdwardLynx.xcdatamodel */ = {isa = PBXFileReference; lastKnownFileType = wrapper.xcdatamodel; path = EdwardLynx.xcdatamodel; sourceTree = "<group>"; };
		A9308BE01DED74B6007B4F9F /* Assets.xcassets */ = {isa = PBXFileReference; lastKnownFileType = folder.assetcatalog; path = Assets.xcassets; sourceTree = "<group>"; };
		A9308BE31DED74B6007B4F9F /* Base */ = {isa = PBXFileReference; lastKnownFileType = file.storyboard; name = Base; path = Base.lproj/LaunchScreen.storyboard; sourceTree = "<group>"; };
		A9308BE51DED74B6007B4F9F /* Info.plist */ = {isa = PBXFileReference; lastKnownFileType = text.plist.xml; path = Info.plist; sourceTree = "<group>"; };
		A9308BEA1DED74B6007B4F9F /* EdwardLynxTests.xctest */ = {isa = PBXFileReference; explicitFileType = wrapper.cfbundle; includeInIndex = 0; path = EdwardLynxTests.xctest; sourceTree = BUILT_PRODUCTS_DIR; };
		A9308BEE1DED74B6007B4F9F /* EdwardLynxTests.m */ = {isa = PBXFileReference; lastKnownFileType = sourcecode.c.objc; path = EdwardLynxTests.m; sourceTree = "<group>"; };
		A9308BF01DED74B6007B4F9F /* Info.plist */ = {isa = PBXFileReference; lastKnownFileType = text.plist.xml; path = Info.plist; sourceTree = "<group>"; };
		A9308BF51DED74B6007B4F9F /* EdwardLynxUITests.xctest */ = {isa = PBXFileReference; explicitFileType = wrapper.cfbundle; includeInIndex = 0; path = EdwardLynxUITests.xctest; sourceTree = BUILT_PRODUCTS_DIR; };
		A9308BF91DED74B6007B4F9F /* EdwardLynxUITests.m */ = {isa = PBXFileReference; lastKnownFileType = sourcecode.c.objc; path = EdwardLynxUITests.m; sourceTree = "<group>"; };
		A9308BFB1DED74B6007B4F9F /* Info.plist */ = {isa = PBXFileReference; lastKnownFileType = text.plist.xml; path = Info.plist; sourceTree = "<group>"; };
		A9308C0A1DED758C007B4F9F /* PrefixHeader.pch */ = {isa = PBXFileReference; lastKnownFileType = sourcecode.c.h; path = PrefixHeader.pch; sourceTree = "<group>"; };
		A9335A6E1E0B745C0019231E /* ELAppSingleton.h */ = {isa = PBXFileReference; fileEncoding = 4; lastKnownFileType = sourcecode.c.h; path = ELAppSingleton.h; sourceTree = "<group>"; };
		A9335A6F1E0B745C0019231E /* ELAppSingleton.m */ = {isa = PBXFileReference; fileEncoding = 4; lastKnownFileType = sourcecode.c.objc; path = ELAppSingleton.m; sourceTree = "<group>"; };
		A9335A711E0B79E00019231E /* ELOAuthInstance.h */ = {isa = PBXFileReference; fileEncoding = 4; lastKnownFileType = sourcecode.c.h; path = ELOAuthInstance.h; sourceTree = "<group>"; };
		A9335A721E0B79E00019231E /* ELOAuthInstance.m */ = {isa = PBXFileReference; fileEncoding = 4; lastKnownFileType = sourcecode.c.objc; path = ELOAuthInstance.m; sourceTree = "<group>"; };
		A94D102D1DF7E63000982E43 /* ELConstants.h */ = {isa = PBXFileReference; lastKnownFileType = sourcecode.c.h; path = ELConstants.h; sourceTree = "<group>"; };
		A94D102E1DF7E66700982E43 /* ELConstants.m */ = {isa = PBXFileReference; fileEncoding = 4; lastKnownFileType = sourcecode.c.objc; path = ELConstants.m; sourceTree = "<group>"; };
		A9685D0F1E014E1D0079FA84 /* Base */ = {isa = PBXFileReference; lastKnownFileType = file.storyboard; name = Base; path = Base.lproj/Settings.storyboard; sourceTree = "<group>"; };
		A9685D111E0153420079FA84 /* ELChangePassViewController.h */ = {isa = PBXFileReference; fileEncoding = 4; lastKnownFileType = sourcecode.c.h; path = ELChangePassViewController.h; sourceTree = "<group>"; };
		A9685D121E0153420079FA84 /* ELChangePassViewController.m */ = {isa = PBXFileReference; fileEncoding = 4; lastKnownFileType = sourcecode.c.objc; path = ELChangePassViewController.m; sourceTree = "<group>"; };
		A96AE03B1E0F773600AD56BE /* Base */ = {isa = PBXFileReference; lastKnownFileType = file.storyboard; name = Base; path = Base.lproj/Surveys.storyboard; sourceTree = "<group>"; };
		A96AE03D1E0F777A00AD56BE /* ELSurveysViewController.h */ = {isa = PBXFileReference; fileEncoding = 4; lastKnownFileType = sourcecode.c.h; path = ELSurveysViewController.h; sourceTree = "<group>"; };
		A96AE03E1E0F777A00AD56BE /* ELSurveysViewController.m */ = {isa = PBXFileReference; fileEncoding = 4; lastKnownFileType = sourcecode.c.objc; path = ELSurveysViewController.m; sourceTree = "<group>"; };
		A96AE0401E0F844300AD56BE /* SurveyCell.xib */ = {isa = PBXFileReference; fileEncoding = 4; lastKnownFileType = file.xib; path = SurveyCell.xib; sourceTree = "<group>"; };
		A96AE0421E0F84A400AD56BE /* ELSurveyTableViewCell.h */ = {isa = PBXFileReference; fileEncoding = 4; lastKnownFileType = sourcecode.c.h; path = ELSurveyTableViewCell.h; sourceTree = "<group>"; };
		A96AE0431E0F84A400AD56BE /* ELSurveyTableViewCell.m */ = {isa = PBXFileReference; fileEncoding = 4; lastKnownFileType = sourcecode.c.objc; path = ELSurveyTableViewCell.m; sourceTree = "<group>"; };
		A96AE0451E0FA05D00AD56BE /* ELSurvey.h */ = {isa = PBXFileReference; fileEncoding = 4; lastKnownFileType = sourcecode.c.h; path = ELSurvey.h; sourceTree = "<group>"; };
		A96AE0461E0FA05D00AD56BE /* ELSurvey.m */ = {isa = PBXFileReference; fileEncoding = 4; lastKnownFileType = sourcecode.c.objc; path = ELSurvey.m; sourceTree = "<group>"; };
		A96F27591DFF8B2B00609E27 /* Base */ = {isa = PBXFileReference; lastKnownFileType = file.storyboard; name = Base; path = Base.lproj/Authentication.storyboard; sourceTree = "<group>"; };
		A96F275C1DFF981E00609E27 /* default.plist */ = {isa = PBXFileReference; fileEncoding = 4; lastKnownFileType = text.plist.xml; path = default.plist; sourceTree = "<group>"; };
		A96F27611DFF9D5E00609E27 /* ELProtocols.h */ = {isa = PBXFileReference; lastKnownFileType = sourcecode.c.h; path = ELProtocols.h; sourceTree = "<group>"; };
		A96F27621DFF9FCB00609E27 /* ELBaseViewController.h */ = {isa = PBXFileReference; fileEncoding = 4; lastKnownFileType = sourcecode.c.h; path = ELBaseViewController.h; sourceTree = "<group>"; };
		A96F27631DFF9FCB00609E27 /* ELBaseViewController.m */ = {isa = PBXFileReference; fileEncoding = 4; lastKnownFileType = sourcecode.c.objc; path = ELBaseViewController.m; sourceTree = "<group>"; };
		A96F27671DFFA28E00609E27 /* Lato-Heavy.ttf */ = {isa = PBXFileReference; lastKnownFileType = file; path = "Lato-Heavy.ttf"; sourceTree = "<group>"; };
		A96F27681DFFA28E00609E27 /* Lato-Italic.ttf */ = {isa = PBXFileReference; lastKnownFileType = file; path = "Lato-Italic.ttf"; sourceTree = "<group>"; };
		A96F27691DFFA28E00609E27 /* Lato-Light.ttf */ = {isa = PBXFileReference; lastKnownFileType = file; path = "Lato-Light.ttf"; sourceTree = "<group>"; };
		A96F276A1DFFA28E00609E27 /* Lato-Medium.ttf */ = {isa = PBXFileReference; lastKnownFileType = file; path = "Lato-Medium.ttf"; sourceTree = "<group>"; };
		A96F276B1DFFA28E00609E27 /* Lato-Regular.ttf */ = {isa = PBXFileReference; lastKnownFileType = file; path = "Lato-Regular.ttf"; sourceTree = "<group>"; };
		A96F27711DFFDB0E00609E27 /* ELForgotPasswordViewController.h */ = {isa = PBXFileReference; fileEncoding = 4; lastKnownFileType = sourcecode.c.h; path = ELForgotPasswordViewController.h; sourceTree = "<group>"; };
		A96F27721DFFDB0E00609E27 /* ELForgotPasswordViewController.m */ = {isa = PBXFileReference; fileEncoding = 4; lastKnownFileType = sourcecode.c.objc; path = ELForgotPasswordViewController.m; sourceTree = "<group>"; };
		A96F27741DFFDFA000609E27 /* Lato-Bold.ttf */ = {isa = PBXFileReference; lastKnownFileType = file; path = "Lato-Bold.ttf"; sourceTree = "<group>"; };
		A96F27771DFFF9E900609E27 /* ELAccountsViewManager.h */ = {isa = PBXFileReference; fileEncoding = 4; lastKnownFileType = sourcecode.c.h; path = ELAccountsViewManager.h; sourceTree = "<group>"; };
		A96F27781DFFF9E900609E27 /* ELAccountsViewManager.m */ = {isa = PBXFileReference; fileEncoding = 4; lastKnownFileType = sourcecode.c.objc; path = ELAccountsViewManager.m; sourceTree = "<group>"; };
		A9A4DF831DFEA12200CC4FAA /* ELUsersAPIClient.h */ = {isa = PBXFileReference; fileEncoding = 4; lastKnownFileType = sourcecode.c.h; path = ELUsersAPIClient.h; sourceTree = "<group>"; };
		A9A4DF841DFEA12200CC4FAA /* ELUsersAPIClient.m */ = {isa = PBXFileReference; fileEncoding = 4; lastKnownFileType = sourcecode.c.objc; path = ELUsersAPIClient.m; sourceTree = "<group>"; };
		A9A4DF861DFEAC5000CC4FAA /* ELSurveysAPIClient.h */ = {isa = PBXFileReference; fileEncoding = 4; lastKnownFileType = sourcecode.c.h; path = ELSurveysAPIClient.h; sourceTree = "<group>"; };
		A9A4DF871DFEAC5000CC4FAA /* ELSurveysAPIClient.m */ = {isa = PBXFileReference; fileEncoding = 4; lastKnownFileType = sourcecode.c.objc; path = ELSurveysAPIClient.m; sourceTree = "<group>"; };
		A9A4DF891DFEB45F00CC4FAA /* ELQuestionsAPIClient.h */ = {isa = PBXFileReference; fileEncoding = 4; lastKnownFileType = sourcecode.c.h; path = ELQuestionsAPIClient.h; sourceTree = "<group>"; };
		A9A4DF8A1DFEB45F00CC4FAA /* ELQuestionsAPIClient.m */ = {isa = PBXFileReference; fileEncoding = 4; lastKnownFileType = sourcecode.c.objc; path = ELQuestionsAPIClient.m; sourceTree = "<group>"; };
		A9B36AA71DFE54A300599909 /* ELUtils.h */ = {isa = PBXFileReference; fileEncoding = 4; lastKnownFileType = sourcecode.c.h; path = ELUtils.h; sourceTree = "<group>"; };
		A9B36AA81DFE54A300599909 /* ELUtils.m */ = {isa = PBXFileReference; fileEncoding = 4; lastKnownFileType = sourcecode.c.objc; path = ELUtils.m; sourceTree = "<group>"; };
		A9B36AAA1DFE5E4F00599909 /* ELLoginViewController.h */ = {isa = PBXFileReference; fileEncoding = 4; lastKnownFileType = sourcecode.c.h; path = ELLoginViewController.h; sourceTree = "<group>"; };
		A9B36AAB1DFE5E4F00599909 /* ELLoginViewController.m */ = {isa = PBXFileReference; fileEncoding = 4; lastKnownFileType = sourcecode.c.objc; path = ELLoginViewController.m; sourceTree = "<group>"; };
		A9B36AAE1DFE749000599909 /* ELAPIClient.h */ = {isa = PBXFileReference; fileEncoding = 4; lastKnownFileType = sourcecode.c.h; path = ELAPIClient.h; sourceTree = "<group>"; };
		A9B36AAF1DFE749000599909 /* ELAPIClient.m */ = {isa = PBXFileReference; fileEncoding = 4; lastKnownFileType = sourcecode.c.objc; path = ELAPIClient.m; sourceTree = "<group>"; };
		A9C4F1DA1E0D055900AC0C0B /* GoogleService-Info.plist */ = {isa = PBXFileReference; fileEncoding = 4; lastKnownFileType = text.plist.xml; path = "GoogleService-Info.plist"; sourceTree = "<group>"; };
		A9C4F1DC1E0D09AD00AC0C0B /* Edward Lynx.entitlements */ = {isa = PBXFileReference; lastKnownFileType = text.plist.entitlements; path = "Edward Lynx.entitlements"; sourceTree = "<group>"; };
		A9CCA6FF1E19F6D100ACA299 /* ELQuestionTableViewCell.h */ = {isa = PBXFileReference; fileEncoding = 4; lastKnownFileType = sourcecode.c.h; path = ELQuestionTableViewCell.h; sourceTree = "<group>"; };
		A9CCA7001E19F6D100ACA299 /* ELQuestionTableViewCell.m */ = {isa = PBXFileReference; fileEncoding = 4; lastKnownFileType = sourcecode.c.objc; path = ELQuestionTableViewCell.m; sourceTree = "<group>"; };
		A9CCA7091E1A111C00ACA299 /* ELQuestionTypeTextView.h */ = {isa = PBXFileReference; fileEncoding = 4; lastKnownFileType = sourcecode.c.h; path = ELQuestionTypeTextView.h; sourceTree = "<group>"; };
		A9CCA70A1E1A111C00ACA299 /* ELQuestionTypeTextView.m */ = {isa = PBXFileReference; fileEncoding = 4; lastKnownFileType = sourcecode.c.objc; path = ELQuestionTypeTextView.m; sourceTree = "<group>"; };
		A9CCA70C1E1A11D300ACA299 /* ELBaseQuestionTypeView.h */ = {isa = PBXFileReference; fileEncoding = 4; lastKnownFileType = sourcecode.c.h; path = ELBaseQuestionTypeView.h; sourceTree = "<group>"; };
		A9CCA70D1E1A11D300ACA299 /* ELBaseQuestionTypeView.m */ = {isa = PBXFileReference; fileEncoding = 4; lastKnownFileType = sourcecode.c.objc; path = ELBaseQuestionTypeView.m; sourceTree = "<group>"; };
		A9CCA70F1E1A180000ACA299 /* QuestionTypeTextView.xib */ = {isa = PBXFileReference; fileEncoding = 4; lastKnownFileType = file.xib; path = QuestionTypeTextView.xib; sourceTree = "<group>"; };
		A9CCA7111E1A31AE00ACA299 /* ELQuestion.h */ = {isa = PBXFileReference; fileEncoding = 4; lastKnownFileType = sourcecode.c.h; path = ELQuestion.h; sourceTree = "<group>"; };
		A9CCA7121E1A31AE00ACA299 /* ELQuestion.m */ = {isa = PBXFileReference; fileEncoding = 4; lastKnownFileType = sourcecode.c.objc; path = ELQuestion.m; sourceTree = "<group>"; };
/* End PBXFileReference section */

/* Begin PBXFrameworksBuildPhase section */
		A9308BCB1DED74B5007B4F9F /* Frameworks */ = {
			isa = PBXFrameworksBuildPhase;
			buildActionMask = 2147483647;
			files = (
				1C5B60C226D54E64E084CE8A /* libPods-BasePods-EdwardLynx.a in Frameworks */,
			);
			runOnlyForDeploymentPostprocessing = 0;
		};
		A9308BE71DED74B6007B4F9F /* Frameworks */ = {
			isa = PBXFrameworksBuildPhase;
			buildActionMask = 2147483647;
			files = (
			);
			runOnlyForDeploymentPostprocessing = 0;
		};
		A9308BF21DED74B6007B4F9F /* Frameworks */ = {
			isa = PBXFrameworksBuildPhase;
			buildActionMask = 2147483647;
			files = (
			);
			runOnlyForDeploymentPostprocessing = 0;
		};
/* End PBXFrameworksBuildPhase section */

/* Begin PBXGroup section */
		1148D5BCEBE82BF1693B2C79 /* Pods */ = {
			isa = PBXGroup;
			children = (
				720811F952ED9F446FC0A57D /* Pods-BasePods-EdwardLynx.debug.xcconfig */,
				2F1A9362EECDC5F830451766 /* Pods-BasePods-EdwardLynx.release.xcconfig */,
			);
			name = Pods;
			sourceTree = "<group>";
		};
		1345C9CF6FA4D66B724F3ED2 /* Frameworks */ = {
			isa = PBXGroup;
			children = (
				054B3733927049B4F696323B /* libPods-BasePods-EdwardLynx.a */,
			);
			name = Frameworks;
			sourceTree = "<group>";
		};
		A90A58471E0A860B003F9F8B /* Models */ = {
			isa = PBXGroup;
			children = (
				A9335A711E0B79E00019231E /* ELOAuthInstance.h */,
				A9335A721E0B79E00019231E /* ELOAuthInstance.m */,
				A9CCA7111E1A31AE00ACA299 /* ELQuestion.h */,
				A9CCA7121E1A31AE00ACA299 /* ELQuestion.m */,
				A96AE0451E0FA05D00AD56BE /* ELSurvey.h */,
				A96AE0461E0FA05D00AD56BE /* ELSurvey.m */,
				A90A58481E0A8633003F9F8B /* ELUser.h */,
				A90A58491E0A8633003F9F8B /* ELUser.m */,
			);
			path = Models;
			sourceTree = "<group>";
		};
		A9121AA41E07B80B00ED9934 /* Views */ = {
			isa = PBXGroup;
			children = (
				A9CCA7071E1A0FEB00ACA299 /* Dashboard */,
				A9CCA7081E1A0FFE00ACA299 /* Questions */,
			);
			path = Views;
			sourceTree = "<group>";
		};
		A9121AA51E07B86700ED9934 /* Cells */ = {
			isa = PBXGroup;
			children = (
				A9121AA61E07B88100ED9934 /* ELMenuTableViewCell.h */,
				A9121AA71E07B88100ED9934 /* ELMenuTableViewCell.m */,
				A9CCA6FF1E19F6D100ACA299 /* ELQuestionTableViewCell.h */,
				A9CCA7001E19F6D100ACA299 /* ELQuestionTableViewCell.m */,
				A96AE0421E0F84A400AD56BE /* ELSurveyTableViewCell.h */,
				A96AE0431E0F84A400AD56BE /* ELSurveyTableViewCell.m */,
			);
			path = Cells;
			sourceTree = "<group>";
		};
		A91B157E1E03A44500CAEC43 /* XIBs */ = {
			isa = PBXGroup;
			children = (
				A9CCA7051E1A0E6C00ACA299 /* Cells */,
				A9CCA7061E1A0E7300ACA299 /* Views */,
			);
			name = XIBs;
			path = Base.lproj/XIBs;
			sourceTree = "<group>";
		};
		A91B15811E03A5A400CAEC43 /* Subclasses */ = {
			isa = PBXGroup;
			children = (
				A9121AA51E07B86700ED9934 /* Cells */,
				A9121AA41E07B80B00ED9934 /* Views */,
			);
			path = Subclasses;
			sourceTree = "<group>";
		};
		A9308BC51DED74B5007B4F9F = {
			isa = PBXGroup;
			children = (
				A9308BD01DED74B6007B4F9F /* EdwardLynx */,
				A9308BED1DED74B6007B4F9F /* EdwardLynxTests */,
				A9308BF81DED74B6007B4F9F /* EdwardLynxUITests */,
				A9308BCF1DED74B6007B4F9F /* Products */,
				1148D5BCEBE82BF1693B2C79 /* Pods */,
				1345C9CF6FA4D66B724F3ED2 /* Frameworks */,
			);
			sourceTree = "<group>";
		};
		A9308BCF1DED74B6007B4F9F /* Products */ = {
			isa = PBXGroup;
			children = (
				A9308BCE1DED74B6007B4F9F /* Edward Lynx.app */,
				A9308BEA1DED74B6007B4F9F /* EdwardLynxTests.xctest */,
				A9308BF51DED74B6007B4F9F /* EdwardLynxUITests.xctest */,
			);
			name = Products;
			sourceTree = "<group>";
		};
		A9308BD01DED74B6007B4F9F /* EdwardLynx */ = {
			isa = PBXGroup;
			children = (
				A9308BD41DED74B6007B4F9F /* AppDelegate.h */,
				A9308BD51DED74B6007B4F9F /* AppDelegate.m */,
				A9308BE01DED74B6007B4F9F /* Assets.xcassets */,
				A9B36AAD1DFE746700599909 /* API */,
				A9308C071DED74E0007B4F9F /* Controllers */,
				A9308C081DED7554007B4F9F /* Layouts */,
				A90A58471E0A860B003F9F8B /* Models */,
				A96F27651DFFA24600609E27 /* Resources */,
				A9308C091DED7571007B4F9F /* Schema */,
				A91B15811E03A5A400CAEC43 /* Subclasses */,
				A9308BD11DED74B6007B4F9F /* Supporting Files */,
				A96F275B1DFF981000609E27 /* Themes */,
				A968F1881DF7E53F0091997D /* Utils */,
				A96F27761DFFF9D800609E27 /* ViewManagers */,
			);
			path = EdwardLynx;
			sourceTree = "<group>";
		};
		A9308BD11DED74B6007B4F9F /* Supporting Files */ = {
			isa = PBXGroup;
			children = (
				A9C4F1DC1E0D09AD00AC0C0B /* Edward Lynx.entitlements */,
				A9308BD21DED74B6007B4F9F /* main.m */,
				A9308C0A1DED758C007B4F9F /* PrefixHeader.pch */,
				A9C4F1DA1E0D055900AC0C0B /* GoogleService-Info.plist */,
				A9308BE51DED74B6007B4F9F /* Info.plist */,
			);
			name = "Supporting Files";
			sourceTree = "<group>";
		};
		A9308BED1DED74B6007B4F9F /* EdwardLynxTests */ = {
			isa = PBXGroup;
			children = (
				A9308BEE1DED74B6007B4F9F /* EdwardLynxTests.m */,
				A9308BF01DED74B6007B4F9F /* Info.plist */,
			);
			path = EdwardLynxTests;
			sourceTree = "<group>";
		};
		A9308BF81DED74B6007B4F9F /* EdwardLynxUITests */ = {
			isa = PBXGroup;
			children = (
				A9308BF91DED74B6007B4F9F /* EdwardLynxUITests.m */,
				A9308BFB1DED74B6007B4F9F /* Info.plist */,
			);
			path = EdwardLynxUITests;
			sourceTree = "<group>";
		};
		A9308C071DED74E0007B4F9F /* Controllers */ = {
			isa = PBXGroup;
			children = (
				A94229471E1A5F5F004F9566 /* Authentication */,
				A94229491E1A5FB1004F9566 /* Main */,
				A94229481E1A5F8C004F9566 /* Profile */,
				A942294A1E1A5FCA004F9566 /* Survey */,
			);
			path = Controllers;
			sourceTree = "<group>";
		};
		A9308C081DED7554007B4F9F /* Layouts */ = {
			isa = PBXGroup;
			children = (
				A96F27581DFF8B2B00609E27 /* Authentication.storyboard */,
				A91B157B1E03983900CAEC43 /* Dashboard.storyboard */,
				A9308BE21DED74B6007B4F9F /* LaunchScreen.storyboard */,
				A9121A981E07A7DE00ED9934 /* LeftMenu.storyboard */,
				A9308BDA1DED74B6007B4F9F /* Main.storyboard */,
				A9214DC61E08D80B0021EA5E /* Profile.storyboard */,
				A9685D0E1E014E1D0079FA84 /* Settings.storyboard */,
				A96AE03A1E0F773600AD56BE /* Surveys.storyboard */,
				A91B157E1E03A44500CAEC43 /* XIBs */,
			);
			name = Layouts;
			sourceTree = "<group>";
		};
		A9308C091DED7571007B4F9F /* Schema */ = {
			isa = PBXGroup;
			children = (
				A9308BDD1DED74B6007B4F9F /* EdwardLynx.xcdatamodeld */,
			);
			name = Schema;
			sourceTree = "<group>";
		};
		A94229471E1A5F5F004F9566 /* Authentication */ = {
			isa = PBXGroup;
			children = (
				A96F27711DFFDB0E00609E27 /* ELForgotPasswordViewController.h */,
				A96F27721DFFDB0E00609E27 /* ELForgotPasswordViewController.m */,
				A9B36AAA1DFE5E4F00599909 /* ELLoginViewController.h */,
				A9B36AAB1DFE5E4F00599909 /* ELLoginViewController.m */,
			);
			path = Authentication;
			sourceTree = "<group>";
		};
		A94229481E1A5F8C004F9566 /* Profile */ = {
			isa = PBXGroup;
			children = (
				A9685D111E0153420079FA84 /* ELChangePassViewController.h */,
				A9685D121E0153420079FA84 /* ELChangePassViewController.m */,
				A9214DCC1E092AAE0021EA5E /* ELEditProfileViewController.h */,
				A9214DCD1E092AAE0021EA5E /* ELEditProfileViewController.m */,
				A9214DC91E08D87B0021EA5E /* ELProfileViewController.h */,
				A9214DCA1E08D87B0021EA5E /* ELProfileViewController.m */,
			);
			path = Profile;
			sourceTree = "<group>";
		};
		A94229491E1A5FB1004F9566 /* Main */ = {
			isa = PBXGroup;
			children = (
				A96F27621DFF9FCB00609E27 /* ELBaseViewController.h */,
				A96F27631DFF9FCB00609E27 /* ELBaseViewController.m */,
				A91B15851E03A6BB00CAEC43 /* ELDashboardViewController.h */,
				A91B15861E03A6BB00CAEC43 /* ELDashboardViewController.m */,
				A9121A9B1E07A9B900ED9934 /* ELLeftMenuViewController.h */,
				A9121A9C1E07A9B900ED9934 /* ELLeftMenuViewController.m */,
			);
			path = Main;
			sourceTree = "<group>";
		};
		A942294A1E1A5FCA004F9566 /* Survey */ = {
			isa = PBXGroup;
			children = (
				A9195FAB1E19EEE800F84272 /* ELSurveyDetailsViewController.h */,
				A9195FAC1E19EEE800F84272 /* ELSurveyDetailsViewController.m */,
				A96AE03D1E0F777A00AD56BE /* ELSurveysViewController.h */,
				A96AE03E1E0F777A00AD56BE /* ELSurveysViewController.m */,
			);
			path = Survey;
			sourceTree = "<group>";
		};
		A968F1881DF7E53F0091997D /* Utils */ = {
			isa = PBXGroup;
			children = (
				A9335A6E1E0B745C0019231E /* ELAppSingleton.h */,
				A9335A6F1E0B745C0019231E /* ELAppSingleton.m */,
				A94D102D1DF7E63000982E43 /* ELConstants.h */,
				A94D102E1DF7E66700982E43 /* ELConstants.m */,
				A9121A9E1E07AD9500ED9934 /* ELDataProvider.h */,
				A9121A9F1E07AD9500ED9934 /* ELDataProvider.m */,
				A96F27611DFF9D5E00609E27 /* ELProtocols.h */,
				A9121AA11E07AF6A00ED9934 /* ELTableDataSource.h */,
				A9121AA21E07AF6A00ED9934 /* ELTableDataSource.m */,
				A9B36AA71DFE54A300599909 /* ELUtils.h */,
				A9B36AA81DFE54A300599909 /* ELUtils.m */,
			);
			path = Utils;
			sourceTree = "<group>";
		};
		A96F275B1DFF981000609E27 /* Themes */ = {
			isa = PBXGroup;
			children = (
				A96F275C1DFF981E00609E27 /* default.plist */,
			);
			path = Themes;
			sourceTree = "<group>";
		};
		A96F27651DFFA24600609E27 /* Resources */ = {
			isa = PBXGroup;
			children = (
				A96F27661DFFA24600609E27 /* Fonts */,
			);
			path = Resources;
			sourceTree = "<group>";
		};
		A96F27661DFFA24600609E27 /* Fonts */ = {
			isa = PBXGroup;
			children = (
				A96F27741DFFDFA000609E27 /* Lato-Bold.ttf */,
				A96F27671DFFA28E00609E27 /* Lato-Heavy.ttf */,
				A96F27681DFFA28E00609E27 /* Lato-Italic.ttf */,
				A96F27691DFFA28E00609E27 /* Lato-Light.ttf */,
				A96F276A1DFFA28E00609E27 /* Lato-Medium.ttf */,
				A96F276B1DFFA28E00609E27 /* Lato-Regular.ttf */,
			);
			path = Fonts;
			sourceTree = "<group>";
		};
		A96F27761DFFF9D800609E27 /* ViewManagers */ = {
			isa = PBXGroup;
			children = (
				A96F27771DFFF9E900609E27 /* ELAccountsViewManager.h */,
				A96F27781DFFF9E900609E27 /* ELAccountsViewManager.m */,
			);
			path = ViewManagers;
			sourceTree = "<group>";
		};
		A9B36AAD1DFE746700599909 /* API */ = {
			isa = PBXGroup;
			children = (
				A9B36AAE1DFE749000599909 /* ELAPIClient.h */,
				A9B36AAF1DFE749000599909 /* ELAPIClient.m */,
				A9A4DF891DFEB45F00CC4FAA /* ELQuestionsAPIClient.h */,
				A9A4DF8A1DFEB45F00CC4FAA /* ELQuestionsAPIClient.m */,
				A9A4DF861DFEAC5000CC4FAA /* ELSurveysAPIClient.h */,
				A9A4DF871DFEAC5000CC4FAA /* ELSurveysAPIClient.m */,
				A9A4DF831DFEA12200CC4FAA /* ELUsersAPIClient.h */,
				A9A4DF841DFEA12200CC4FAA /* ELUsersAPIClient.m */,
			);
			path = API;
			sourceTree = "<group>";
		};
		A9CCA7051E1A0E6C00ACA299 /* Cells */ = {
			isa = PBXGroup;
			children = (
				A9195FAE1E19F28600F84272 /* QuestionCell.xib */,
				A96AE0401E0F844300AD56BE /* SurveyCell.xib */,
			);
			path = Cells;
			sourceTree = "<group>";
		};
		A9CCA7061E1A0E7300ACA299 /* Views */ = {
			isa = PBXGroup;
			children = (
				A91B15911E03C90500CAEC43 /* ActionView.xib */,
				A9CCA70F1E1A180000ACA299 /* QuestionTypeTextView.xib */,
				A91B158F1E03B7BD00CAEC43 /* ShortcutView.xib */,
				A91B157F1E03A45900CAEC43 /* StatusView.xib */,
			);
			path = Views;
			sourceTree = "<group>";
		};
		A9CCA7071E1A0FEB00ACA299 /* Dashboard */ = {
			isa = PBXGroup;
			children = (
				A91B15931E03C96100CAEC43 /* ELActionView.h */,
				A91B15941E03C96100CAEC43 /* ELActionView.m */,
				A91B158C1E03B68100CAEC43 /* ELShortcutView.h */,
				A91B158D1E03B68100CAEC43 /* ELShortcutView.m */,
				A91B15821E03A5BA00CAEC43 /* ELStatusView.h */,
				A91B15831E03A5BA00CAEC43 /* ELStatusView.m */,
			);
			path = Dashboard;
			sourceTree = "<group>";
		};
		A9CCA7081E1A0FFE00ACA299 /* Questions */ = {
			isa = PBXGroup;
			children = (
				A9CCA70C1E1A11D300ACA299 /* ELBaseQuestionTypeView.h */,
				A9CCA70D1E1A11D300ACA299 /* ELBaseQuestionTypeView.m */,
				A9CCA7091E1A111C00ACA299 /* ELQuestionTypeTextView.h */,
				A9CCA70A1E1A111C00ACA299 /* ELQuestionTypeTextView.m */,
			);
			path = Questions;
			sourceTree = "<group>";
		};
/* End PBXGroup section */

/* Begin PBXNativeTarget section */
		A9308BCD1DED74B5007B4F9F /* EdwardLynx */ = {
			isa = PBXNativeTarget;
			buildConfigurationList = A9308BFE1DED74B6007B4F9F /* Build configuration list for PBXNativeTarget "EdwardLynx" */;
			buildPhases = (
				59BB75771B83A01AB03C7CA2 /* [CP] Check Pods Manifest.lock */,
				A9308BCA1DED74B5007B4F9F /* Sources */,
				A9308BCB1DED74B5007B4F9F /* Frameworks */,
				A9308BCC1DED74B5007B4F9F /* Resources */,
				38697E15D1992B26C294B016 /* [CP] Embed Pods Frameworks */,
				6A8DD73BD404DC873EDC16B2 /* [CP] Copy Pods Resources */,
				A968F1871DF7A4FF0091997D /* ShellScript */,
			);
			buildRules = (
			);
			dependencies = (
			);
			name = EdwardLynx;
			productName = EdwardLynx;
			productReference = A9308BCE1DED74B6007B4F9F /* Edward Lynx.app */;
			productType = "com.apple.product-type.application";
		};
		A9308BE91DED74B6007B4F9F /* EdwardLynxTests */ = {
			isa = PBXNativeTarget;
			buildConfigurationList = A9308C011DED74B6007B4F9F /* Build configuration list for PBXNativeTarget "EdwardLynxTests" */;
			buildPhases = (
				A9308BE61DED74B6007B4F9F /* Sources */,
				A9308BE71DED74B6007B4F9F /* Frameworks */,
				A9308BE81DED74B6007B4F9F /* Resources */,
			);
			buildRules = (
			);
			dependencies = (
				A9308BEC1DED74B6007B4F9F /* PBXTargetDependency */,
			);
			name = EdwardLynxTests;
			productName = EdwardLynxTests;
			productReference = A9308BEA1DED74B6007B4F9F /* EdwardLynxTests.xctest */;
			productType = "com.apple.product-type.bundle.unit-test";
		};
		A9308BF41DED74B6007B4F9F /* EdwardLynxUITests */ = {
			isa = PBXNativeTarget;
			buildConfigurationList = A9308C041DED74B6007B4F9F /* Build configuration list for PBXNativeTarget "EdwardLynxUITests" */;
			buildPhases = (
				A9308BF11DED74B6007B4F9F /* Sources */,
				A9308BF21DED74B6007B4F9F /* Frameworks */,
				A9308BF31DED74B6007B4F9F /* Resources */,
			);
			buildRules = (
			);
			dependencies = (
				A9308BF71DED74B6007B4F9F /* PBXTargetDependency */,
			);
			name = EdwardLynxUITests;
			productName = EdwardLynxUITests;
			productReference = A9308BF51DED74B6007B4F9F /* EdwardLynxUITests.xctest */;
			productType = "com.apple.product-type.bundle.ui-testing";
		};
/* End PBXNativeTarget section */

/* Begin PBXProject section */
		A9308BC61DED74B5007B4F9F /* Project object */ = {
			isa = PBXProject;
			attributes = {
				CLASSPREFIX = EL;
				LastUpgradeCheck = 0800;
				ORGANIZATIONNAME = "Ingenuity Global Consulting";
				TargetAttributes = {
					A9308BCD1DED74B5007B4F9F = {
						CreatedOnToolsVersion = 8.0;
						DevelopmentTeam = 4XE8MVRXHY;
						ProvisioningStyle = Automatic;
						SystemCapabilities = {
							com.apple.Push = {
								enabled = 1;
							};
						};
					};
					A9308BE91DED74B6007B4F9F = {
						CreatedOnToolsVersion = 8.0;
						DevelopmentTeam = 4XE8MVRXHY;
						ProvisioningStyle = Automatic;
						TestTargetID = A9308BCD1DED74B5007B4F9F;
					};
					A9308BF41DED74B6007B4F9F = {
						CreatedOnToolsVersion = 8.0;
						DevelopmentTeam = 4XE8MVRXHY;
						ProvisioningStyle = Automatic;
						TestTargetID = A9308BCD1DED74B5007B4F9F;
					};
				};
			};
			buildConfigurationList = A9308BC91DED74B5007B4F9F /* Build configuration list for PBXProject "EdwardLynx" */;
			compatibilityVersion = "Xcode 3.2";
			developmentRegion = English;
			hasScannedForEncodings = 0;
			knownRegions = (
				en,
				Base,
			);
			mainGroup = A9308BC51DED74B5007B4F9F;
			productRefGroup = A9308BCF1DED74B6007B4F9F /* Products */;
			projectDirPath = "";
			projectRoot = "";
			targets = (
				A9308BCD1DED74B5007B4F9F /* EdwardLynx */,
				A9308BE91DED74B6007B4F9F /* EdwardLynxTests */,
				A9308BF41DED74B6007B4F9F /* EdwardLynxUITests */,
			);
		};
/* End PBXProject section */

/* Begin PBXResourcesBuildPhase section */
		A9308BCC1DED74B5007B4F9F /* Resources */ = {
			isa = PBXResourcesBuildPhase;
			buildActionMask = 2147483647;
			files = (
				A96F27751DFFDFA000609E27 /* Lato-Bold.ttf in Resources */,
				A9CCA7101E1A180000ACA299 /* QuestionTypeTextView.xib in Resources */,
				A96F276C1DFFA28E00609E27 /* Lato-Heavy.ttf in Resources */,
				A96F276D1DFFA28E00609E27 /* Lato-Italic.ttf in Resources */,
				A9685D101E014E1D0079FA84 /* Settings.storyboard in Resources */,
				A91B157D1E03983900CAEC43 /* Dashboard.storyboard in Resources */,
				A96F275A1DFF8B2B00609E27 /* Authentication.storyboard in Resources */,
				A9214DC81E08D80B0021EA5E /* Profile.storyboard in Resources */,
				A96F275D1DFF981E00609E27 /* default.plist in Resources */,
				A96AE0411E0F844300AD56BE /* SurveyCell.xib in Resources */,
				A96F276F1DFFA28E00609E27 /* Lato-Medium.ttf in Resources */,
				A91B15921E03C90500CAEC43 /* ActionView.xib in Resources */,
				A9308BE41DED74B6007B4F9F /* LaunchScreen.storyboard in Resources */,
				A9C4F1DB1E0D055900AC0C0B /* GoogleService-Info.plist in Resources */,
				A9308BE11DED74B6007B4F9F /* Assets.xcassets in Resources */,
				A91B15901E03B7BD00CAEC43 /* ShortcutView.xib in Resources */,
				A9195FAF1E19F28600F84272 /* QuestionCell.xib in Resources */,
				A96AE03C1E0F773600AD56BE /* Surveys.storyboard in Resources */,
				A91B15801E03A45900CAEC43 /* StatusView.xib in Resources */,
				A9121A9A1E07A7DE00ED9934 /* LeftMenu.storyboard in Resources */,
				A96F27701DFFA28E00609E27 /* Lato-Regular.ttf in Resources */,
				A9308BDC1DED74B6007B4F9F /* Main.storyboard in Resources */,
				A96F276E1DFFA28E00609E27 /* Lato-Light.ttf in Resources */,
			);
			runOnlyForDeploymentPostprocessing = 0;
		};
		A9308BE81DED74B6007B4F9F /* Resources */ = {
			isa = PBXResourcesBuildPhase;
			buildActionMask = 2147483647;
			files = (
			);
			runOnlyForDeploymentPostprocessing = 0;
		};
		A9308BF31DED74B6007B4F9F /* Resources */ = {
			isa = PBXResourcesBuildPhase;
			buildActionMask = 2147483647;
			files = (
			);
			runOnlyForDeploymentPostprocessing = 0;
		};
/* End PBXResourcesBuildPhase section */

/* Begin PBXShellScriptBuildPhase section */
		38697E15D1992B26C294B016 /* [CP] Embed Pods Frameworks */ = {
			isa = PBXShellScriptBuildPhase;
			buildActionMask = 2147483647;
			files = (
			);
			inputPaths = (
			);
			name = "[CP] Embed Pods Frameworks";
			outputPaths = (
			);
			runOnlyForDeploymentPostprocessing = 0;
			shellPath = /bin/sh;
			shellScript = "\"${SRCROOT}/Pods/Target Support Files/Pods-BasePods-EdwardLynx/Pods-BasePods-EdwardLynx-frameworks.sh\"\n";
			showEnvVarsInLog = 0;
		};
		59BB75771B83A01AB03C7CA2 /* [CP] Check Pods Manifest.lock */ = {
			isa = PBXShellScriptBuildPhase;
			buildActionMask = 2147483647;
			files = (
			);
			inputPaths = (
			);
			name = "[CP] Check Pods Manifest.lock";
			outputPaths = (
			);
			runOnlyForDeploymentPostprocessing = 0;
			shellPath = /bin/sh;
			shellScript = "diff \"${PODS_ROOT}/../Podfile.lock\" \"${PODS_ROOT}/Manifest.lock\" > /dev/null\nif [[ $? != 0 ]] ; then\n    cat << EOM\nerror: The sandbox is not in sync with the Podfile.lock. Run 'pod install' or update your CocoaPods installation.\nEOM\n    exit 1\nfi\n";
			showEnvVarsInLog = 0;
		};
		6A8DD73BD404DC873EDC16B2 /* [CP] Copy Pods Resources */ = {
			isa = PBXShellScriptBuildPhase;
			buildActionMask = 2147483647;
			files = (
			);
			inputPaths = (
			);
			name = "[CP] Copy Pods Resources";
			outputPaths = (
			);
			runOnlyForDeploymentPostprocessing = 0;
			shellPath = /bin/sh;
			shellScript = "\"${SRCROOT}/Pods/Target Support Files/Pods-BasePods-EdwardLynx/Pods-BasePods-EdwardLynx-resources.sh\"\n";
			showEnvVarsInLog = 0;
		};
		A968F1871DF7A4FF0091997D /* ShellScript */ = {
			isa = PBXShellScriptBuildPhase;
			buildActionMask = 12;
			files = (
			);
			inputPaths = (
			);
			outputPaths = (
			);
			runOnlyForDeploymentPostprocessing = 0;
			shellPath = /bin/sh;
			shellScript = "\"${PODS_ROOT}/Fabric/run\" 7c67a5365060930052205dfdf95102678ef19047 5bf528d13c4ba0103042cb10b009ec54ad1accb01a4cd7e552bd62dc63713672";
		};
/* End PBXShellScriptBuildPhase section */

/* Begin PBXSourcesBuildPhase section */
		A9308BCA1DED74B5007B4F9F /* Sources */ = {
			isa = PBXSourcesBuildPhase;
			buildActionMask = 2147483647;
			files = (
				A96AE0441E0F84A400AD56BE /* ELSurveyTableViewCell.m in Sources */,
				A91B15841E03A5BA00CAEC43 /* ELStatusView.m in Sources */,
				A9685D131E0153420079FA84 /* ELChangePassViewController.m in Sources */,
				A9A4DF8B1DFEB45F00CC4FAA /* ELQuestionsAPIClient.m in Sources */,
				A9121A9D1E07A9B900ED9934 /* ELLeftMenuViewController.m in Sources */,
				A96F27641DFF9FCB00609E27 /* ELBaseViewController.m in Sources */,
				A9335A731E0B79E00019231E /* ELOAuthInstance.m in Sources */,
				A9A4DF881DFEAC5000CC4FAA /* ELSurveysAPIClient.m in Sources */,
				A9335A701E0B745C0019231E /* ELAppSingleton.m in Sources */,
				A91B15951E03C96100CAEC43 /* ELActionView.m in Sources */,
				A96AE03F1E0F777A00AD56BE /* ELSurveysViewController.m in Sources */,
				A9B36AA91DFE54A300599909 /* ELUtils.m in Sources */,
				A96AE0471E0FA05D00AD56BE /* ELSurvey.m in Sources */,
				A9A4DF851DFEA12200CC4FAA /* ELUsersAPIClient.m in Sources */,
				A9121AA01E07AD9500ED9934 /* ELDataProvider.m in Sources */,
				A9308BDF1DED74B6007B4F9F /* EdwardLynx.xcdatamodeld in Sources */,
				A96F27731DFFDB0E00609E27 /* ELForgotPasswordViewController.m in Sources */,
				A9CCA70B1E1A111C00ACA299 /* ELQuestionTypeTextView.m in Sources */,
				A9B36AB01DFE749000599909 /* ELAPIClient.m in Sources */,
				A9214DCB1E08D87B0021EA5E /* ELProfileViewController.m in Sources */,
				A90A584A1E0A8633003F9F8B /* ELUser.m in Sources */,
				A96F27791DFFF9E900609E27 /* ELAccountsViewManager.m in Sources */,
				A9214DCE1E092AAE0021EA5E /* ELEditProfileViewController.m in Sources */,
				A9308BD61DED74B6007B4F9F /* AppDelegate.m in Sources */,
				A9B36AAC1DFE5E4F00599909 /* ELLoginViewController.m in Sources */,
				A9CCA7011E19F6D100ACA299 /* ELQuestionTableViewCell.m in Sources */,
				A9195FAD1E19EEE800F84272 /* ELSurveyDetailsViewController.m in Sources */,
				A94D102F1DF7E66700982E43 /* ELConstants.m in Sources */,
				A9CCA7131E1A31AE00ACA299 /* ELQuestion.m in Sources */,
				A9121AA81E07B88100ED9934 /* ELMenuTableViewCell.m in Sources */,
				A91B158E1E03B68100CAEC43 /* ELShortcutView.m in Sources */,
				A91B15871E03A6BB00CAEC43 /* ELDashboardViewController.m in Sources */,
				A9308BD31DED74B6007B4F9F /* main.m in Sources */,
				A9CCA70E1E1A11D300ACA299 /* ELBaseQuestionTypeView.m in Sources */,
				A9121AA31E07AF6A00ED9934 /* ELTableDataSource.m in Sources */,
			);
			runOnlyForDeploymentPostprocessing = 0;
		};
		A9308BE61DED74B6007B4F9F /* Sources */ = {
			isa = PBXSourcesBuildPhase;
			buildActionMask = 2147483647;
			files = (
				A9308BEF1DED74B6007B4F9F /* EdwardLynxTests.m in Sources */,
			);
			runOnlyForDeploymentPostprocessing = 0;
		};
		A9308BF11DED74B6007B4F9F /* Sources */ = {
			isa = PBXSourcesBuildPhase;
			buildActionMask = 2147483647;
			files = (
				A9308BFA1DED74B6007B4F9F /* EdwardLynxUITests.m in Sources */,
			);
			runOnlyForDeploymentPostprocessing = 0;
		};
/* End PBXSourcesBuildPhase section */

/* Begin PBXTargetDependency section */
		A9308BEC1DED74B6007B4F9F /* PBXTargetDependency */ = {
			isa = PBXTargetDependency;
			target = A9308BCD1DED74B5007B4F9F /* EdwardLynx */;
			targetProxy = A9308BEB1DED74B6007B4F9F /* PBXContainerItemProxy */;
		};
		A9308BF71DED74B6007B4F9F /* PBXTargetDependency */ = {
			isa = PBXTargetDependency;
			target = A9308BCD1DED74B5007B4F9F /* EdwardLynx */;
			targetProxy = A9308BF61DED74B6007B4F9F /* PBXContainerItemProxy */;
		};
/* End PBXTargetDependency section */

/* Begin PBXVariantGroup section */
		A9121A981E07A7DE00ED9934 /* LeftMenu.storyboard */ = {
			isa = PBXVariantGroup;
			children = (
				A9121A991E07A7DE00ED9934 /* Base */,
			);
			name = LeftMenu.storyboard;
			sourceTree = "<group>";
		};
		A91B157B1E03983900CAEC43 /* Dashboard.storyboard */ = {
			isa = PBXVariantGroup;
			children = (
				A91B157C1E03983900CAEC43 /* Base */,
			);
			name = Dashboard.storyboard;
			sourceTree = "<group>";
		};
		A9214DC61E08D80B0021EA5E /* Profile.storyboard */ = {
			isa = PBXVariantGroup;
			children = (
				A9214DC71E08D80B0021EA5E /* Base */,
			);
			name = Profile.storyboard;
			sourceTree = "<group>";
		};
		A9308BDA1DED74B6007B4F9F /* Main.storyboard */ = {
			isa = PBXVariantGroup;
			children = (
				A9308BDB1DED74B6007B4F9F /* Base */,
			);
			name = Main.storyboard;
			sourceTree = "<group>";
		};
		A9308BE21DED74B6007B4F9F /* LaunchScreen.storyboard */ = {
			isa = PBXVariantGroup;
			children = (
				A9308BE31DED74B6007B4F9F /* Base */,
			);
			name = LaunchScreen.storyboard;
			sourceTree = "<group>";
		};
		A9685D0E1E014E1D0079FA84 /* Settings.storyboard */ = {
			isa = PBXVariantGroup;
			children = (
				A9685D0F1E014E1D0079FA84 /* Base */,
			);
			name = Settings.storyboard;
			sourceTree = "<group>";
		};
		A96AE03A1E0F773600AD56BE /* Surveys.storyboard */ = {
			isa = PBXVariantGroup;
			children = (
				A96AE03B1E0F773600AD56BE /* Base */,
			);
			name = Surveys.storyboard;
			sourceTree = "<group>";
		};
		A96F27581DFF8B2B00609E27 /* Authentication.storyboard */ = {
			isa = PBXVariantGroup;
			children = (
				A96F27591DFF8B2B00609E27 /* Base */,
			);
			name = Authentication.storyboard;
			sourceTree = "<group>";
		};
/* End PBXVariantGroup section */

/* Begin XCBuildConfiguration section */
		A9308BFC1DED74B6007B4F9F /* Debug */ = {
			isa = XCBuildConfiguration;
			buildSettings = {
				ALWAYS_SEARCH_USER_PATHS = NO;
				CLANG_ANALYZER_NONNULL = YES;
				CLANG_CXX_LANGUAGE_STANDARD = "gnu++0x";
				CLANG_CXX_LIBRARY = "libc++";
				CLANG_ENABLE_MODULES = YES;
				CLANG_ENABLE_OBJC_ARC = YES;
				CLANG_WARN_BOOL_CONVERSION = YES;
				CLANG_WARN_CONSTANT_CONVERSION = YES;
				CLANG_WARN_DIRECT_OBJC_ISA_USAGE = YES_ERROR;
				CLANG_WARN_DOCUMENTATION_COMMENTS = YES;
				CLANG_WARN_EMPTY_BODY = YES;
				CLANG_WARN_ENUM_CONVERSION = YES;
				CLANG_WARN_INFINITE_RECURSION = YES;
				CLANG_WARN_INT_CONVERSION = YES;
				CLANG_WARN_OBJC_ROOT_CLASS = YES_ERROR;
				CLANG_WARN_SUSPICIOUS_MOVE = YES;
				CLANG_WARN_SUSPICIOUS_MOVES = YES;
				CLANG_WARN_UNREACHABLE_CODE = YES;
				CLANG_WARN__DUPLICATE_METHOD_MATCH = YES;
				"CODE_SIGN_IDENTITY[sdk=iphoneos*]" = "iPhone Developer";
				COPY_PHASE_STRIP = NO;
				DEBUG_INFORMATION_FORMAT = dwarf;
				ENABLE_STRICT_OBJC_MSGSEND = YES;
				ENABLE_TESTABILITY = YES;
				GCC_C_LANGUAGE_STANDARD = gnu99;
				GCC_DYNAMIC_NO_PIC = NO;
				GCC_NO_COMMON_BLOCKS = YES;
				GCC_OPTIMIZATION_LEVEL = 0;
				GCC_PREFIX_HEADER = "$(PROJECT_DIR)/EdwardLynx/PrefixHeader.pch";
				GCC_PREPROCESSOR_DEFINITIONS = (
					"DEBUG=1",
					"$(inherited)",
				);
				GCC_WARN_64_TO_32_BIT_CONVERSION = YES;
				GCC_WARN_ABOUT_RETURN_TYPE = YES_ERROR;
				GCC_WARN_UNDECLARED_SELECTOR = YES;
				GCC_WARN_UNINITIALIZED_AUTOS = YES_AGGRESSIVE;
				GCC_WARN_UNUSED_FUNCTION = YES;
				GCC_WARN_UNUSED_VARIABLE = YES;
				IPHONEOS_DEPLOYMENT_TARGET = 9.1;
				MTL_ENABLE_DEBUG_INFO = YES;
				ONLY_ACTIVE_ARCH = YES;
				SDKROOT = iphoneos;
				TARGETED_DEVICE_FAMILY = "1,2";
			};
			name = Debug;
		};
		A9308BFD1DED74B6007B4F9F /* Release */ = {
			isa = XCBuildConfiguration;
			buildSettings = {
				ALWAYS_SEARCH_USER_PATHS = NO;
				CLANG_ANALYZER_NONNULL = YES;
				CLANG_CXX_LANGUAGE_STANDARD = "gnu++0x";
				CLANG_CXX_LIBRARY = "libc++";
				CLANG_ENABLE_MODULES = YES;
				CLANG_ENABLE_OBJC_ARC = YES;
				CLANG_WARN_BOOL_CONVERSION = YES;
				CLANG_WARN_CONSTANT_CONVERSION = YES;
				CLANG_WARN_DIRECT_OBJC_ISA_USAGE = YES_ERROR;
				CLANG_WARN_DOCUMENTATION_COMMENTS = YES;
				CLANG_WARN_EMPTY_BODY = YES;
				CLANG_WARN_ENUM_CONVERSION = YES;
				CLANG_WARN_INFINITE_RECURSION = YES;
				CLANG_WARN_INT_CONVERSION = YES;
				CLANG_WARN_OBJC_ROOT_CLASS = YES_ERROR;
				CLANG_WARN_SUSPICIOUS_MOVE = YES;
				CLANG_WARN_SUSPICIOUS_MOVES = YES;
				CLANG_WARN_UNREACHABLE_CODE = YES;
				CLANG_WARN__DUPLICATE_METHOD_MATCH = YES;
				"CODE_SIGN_IDENTITY[sdk=iphoneos*]" = "iPhone Developer";
				COPY_PHASE_STRIP = NO;
				DEBUG_INFORMATION_FORMAT = "dwarf-with-dsym";
				ENABLE_NS_ASSERTIONS = NO;
				ENABLE_STRICT_OBJC_MSGSEND = YES;
				GCC_C_LANGUAGE_STANDARD = gnu99;
				GCC_NO_COMMON_BLOCKS = YES;
				GCC_PREFIX_HEADER = "$(PROJECT_DIR)/EdwardLynx/PrefixHeader.pch";
				GCC_WARN_64_TO_32_BIT_CONVERSION = YES;
				GCC_WARN_ABOUT_RETURN_TYPE = YES_ERROR;
				GCC_WARN_UNDECLARED_SELECTOR = YES;
				GCC_WARN_UNINITIALIZED_AUTOS = YES_AGGRESSIVE;
				GCC_WARN_UNUSED_FUNCTION = YES;
				GCC_WARN_UNUSED_VARIABLE = YES;
				IPHONEOS_DEPLOYMENT_TARGET = 9.1;
				MTL_ENABLE_DEBUG_INFO = NO;
				SDKROOT = iphoneos;
				TARGETED_DEVICE_FAMILY = "1,2";
				VALIDATE_PRODUCT = YES;
			};
			name = Release;
		};
		A9308BFF1DED74B6007B4F9F /* Debug */ = {
			isa = XCBuildConfiguration;
			baseConfigurationReference = 720811F952ED9F446FC0A57D /* Pods-BasePods-EdwardLynx.debug.xcconfig */;
			buildSettings = {
				ASSETCATALOG_COMPILER_APPICON_NAME = AppIcon;
				CODE_SIGN_ENTITLEMENTS = "EdwardLynx/Edward Lynx.entitlements";
				DEBUG_INFORMATION_FORMAT = "dwarf-with-dsym";
				DEVELOPMENT_TEAM = 4XE8MVRXHY;
				INFOPLIST_FILE = EdwardLynx/Info.plist;
				LD_RUNPATH_SEARCH_PATHS = "$(inherited) @executable_path/Frameworks";
				PRODUCT_BUNDLE_IDENTIFIER = com.ingenuitymobile.EdwardLynx;
				PRODUCT_NAME = "Edward Lynx";
			};
			name = Debug;
		};
		A9308C001DED74B6007B4F9F /* Release */ = {
			isa = XCBuildConfiguration;
			baseConfigurationReference = 2F1A9362EECDC5F830451766 /* Pods-BasePods-EdwardLynx.release.xcconfig */;
			buildSettings = {
				ASSETCATALOG_COMPILER_APPICON_NAME = AppIcon;
				CODE_SIGN_ENTITLEMENTS = "EdwardLynx/Edward Lynx.entitlements";
				DEBUG_INFORMATION_FORMAT = "dwarf-with-dsym";
				DEVELOPMENT_TEAM = 4XE8MVRXHY;
				INFOPLIST_FILE = EdwardLynx/Info.plist;
				LD_RUNPATH_SEARCH_PATHS = "$(inherited) @executable_path/Frameworks";
				PRODUCT_BUNDLE_IDENTIFIER = com.ingenuitymobile.EdwardLynx;
				PRODUCT_NAME = "Edward Lynx";
			};
			name = Release;
		};
		A9308C021DED74B6007B4F9F /* Debug */ = {
			isa = XCBuildConfiguration;
			buildSettings = {
				BUNDLE_LOADER = "$(TEST_HOST)";
				DEVELOPMENT_TEAM = 4XE8MVRXHY;
				INFOPLIST_FILE = EdwardLynxTests/Info.plist;
				LD_RUNPATH_SEARCH_PATHS = "$(inherited) @executable_path/Frameworks @loader_path/Frameworks";
				PRODUCT_BUNDLE_IDENTIFIER = com.ingenuitymobile.EdwardLynxTests;
				PRODUCT_NAME = "$(TARGET_NAME)";
				TEST_HOST = "$(BUILT_PRODUCTS_DIR)/EdwardLynx.app/EdwardLynx";
			};
			name = Debug;
		};
		A9308C031DED74B6007B4F9F /* Release */ = {
			isa = XCBuildConfiguration;
			buildSettings = {
				BUNDLE_LOADER = "$(TEST_HOST)";
				DEVELOPMENT_TEAM = 4XE8MVRXHY;
				INFOPLIST_FILE = EdwardLynxTests/Info.plist;
				LD_RUNPATH_SEARCH_PATHS = "$(inherited) @executable_path/Frameworks @loader_path/Frameworks";
				PRODUCT_BUNDLE_IDENTIFIER = com.ingenuitymobile.EdwardLynxTests;
				PRODUCT_NAME = "$(TARGET_NAME)";
				TEST_HOST = "$(BUILT_PRODUCTS_DIR)/EdwardLynx.app/EdwardLynx";
			};
			name = Release;
		};
		A9308C051DED74B6007B4F9F /* Debug */ = {
			isa = XCBuildConfiguration;
			buildSettings = {
				DEVELOPMENT_TEAM = 4XE8MVRXHY;
				INFOPLIST_FILE = EdwardLynxUITests/Info.plist;
				LD_RUNPATH_SEARCH_PATHS = "$(inherited) @executable_path/Frameworks @loader_path/Frameworks";
				PRODUCT_BUNDLE_IDENTIFIER = com.ingenuitymobile.EdwardLynxUITests;
				PRODUCT_NAME = "$(TARGET_NAME)";
				TEST_TARGET_NAME = EdwardLynx;
			};
			name = Debug;
		};
		A9308C061DED74B6007B4F9F /* Release */ = {
			isa = XCBuildConfiguration;
			buildSettings = {
				DEVELOPMENT_TEAM = 4XE8MVRXHY;
				INFOPLIST_FILE = EdwardLynxUITests/Info.plist;
				LD_RUNPATH_SEARCH_PATHS = "$(inherited) @executable_path/Frameworks @loader_path/Frameworks";
				PRODUCT_BUNDLE_IDENTIFIER = com.ingenuitymobile.EdwardLynxUITests;
				PRODUCT_NAME = "$(TARGET_NAME)";
				TEST_TARGET_NAME = EdwardLynx;
			};
			name = Release;
		};
/* End XCBuildConfiguration section */

/* Begin XCConfigurationList section */
		A9308BC91DED74B5007B4F9F /* Build configuration list for PBXProject "EdwardLynx" */ = {
			isa = XCConfigurationList;
			buildConfigurations = (
				A9308BFC1DED74B6007B4F9F /* Debug */,
				A9308BFD1DED74B6007B4F9F /* Release */,
			);
			defaultConfigurationIsVisible = 0;
			defaultConfigurationName = Release;
		};
		A9308BFE1DED74B6007B4F9F /* Build configuration list for PBXNativeTarget "EdwardLynx" */ = {
			isa = XCConfigurationList;
			buildConfigurations = (
				A9308BFF1DED74B6007B4F9F /* Debug */,
				A9308C001DED74B6007B4F9F /* Release */,
			);
			defaultConfigurationIsVisible = 0;
			defaultConfigurationName = Release;
		};
		A9308C011DED74B6007B4F9F /* Build configuration list for PBXNativeTarget "EdwardLynxTests" */ = {
			isa = XCConfigurationList;
			buildConfigurations = (
				A9308C021DED74B6007B4F9F /* Debug */,
				A9308C031DED74B6007B4F9F /* Release */,
			);
			defaultConfigurationIsVisible = 0;
			defaultConfigurationName = Release;
		};
		A9308C041DED74B6007B4F9F /* Build configuration list for PBXNativeTarget "EdwardLynxUITests" */ = {
			isa = XCConfigurationList;
			buildConfigurations = (
				A9308C051DED74B6007B4F9F /* Debug */,
				A9308C061DED74B6007B4F9F /* Release */,
			);
			defaultConfigurationIsVisible = 0;
			defaultConfigurationName = Release;
		};
/* End XCConfigurationList section */

/* Begin XCVersionGroup section */
		A9308BDD1DED74B6007B4F9F /* EdwardLynx.xcdatamodeld */ = {
			isa = XCVersionGroup;
			children = (
				A9308BDE1DED74B6007B4F9F /* EdwardLynx.xcdatamodel */,
			);
			currentVersion = A9308BDE1DED74B6007B4F9F /* EdwardLynx.xcdatamodel */;
			path = EdwardLynx.xcdatamodeld;
			sourceTree = "<group>";
			versionGroupType = wrapper.xcdatamodel;
		};
/* End XCVersionGroup section */
	};
	rootObject = A9308BC61DED74B5007B4F9F /* Project object */;
}
